
Microsoft Visual Studio Solution File, Format Version 12.00
# Visual Studio Version 17
VisualStudioVersion = 17.10.34916.146
MinimumVisualStudioVersion = 10.0.40219.1
Project("{FAE04EC0-301F-11D3-BF4B-00C04F79EFBC}") = "fms", "fms.csproj", "{7132E0E6-AA3B-4B38-8483-890D9023FC5E}"
EndProject
Global
	GlobalSection(SolutionConfigurationPlatforms) = preSolution
		Debug|Any CPU = Debug|Any CPU
		Release|Any CPU = Release|Any CPU
	EndGlobalSection
	GlobalSection(ProjectConfigurationPlatforms) = postSolution
		{7132E0E6-AA3B-4B38-8483-890D9023FC5E}.Debug|Any CPU.ActiveCfg = Debug|Any CPU
		{7132E0E6-AA3B-4B38-8483-890D9023FC5E}.Debug|Any CPU.Build.0 = Debug|Any CPU
		{7132E0E6-AA3B-4B38-8483-890D9023FC5E}.Release|Any CPU.ActiveCfg = Release|Any CPU
		{7132E0E6-AA3B-4B38-8483-890D9023FC5E}.Release|Any CPU.Build.0 = Release|Any CPU
	EndGlobalSection
	GlobalSection(SolutionProperties) = preSolution
		HideSolutionNode = FALSE
	EndGlobalSection
	GlobalSection(ExtensibilityGlobals) = postSolution
		SolutionGuid = {90355805-DB62-4CF9-AF3B-B61819039BDD}
	EndGlobalSection
EndGlobal
